hash: 859cfb9b413f9a435cb485ae7a572d08fc76455a992414b8c160a2d48f696b2a
updated: 2017-10-10T16:02:18.892931299-04:00
imports:
- name: github.com/asaskevich/govalidator
  version: ca5f9e638c83bac66bfac70ded5bded1503135a7
- name: github.com/dgrijalva/jwt-go
  version: a539ee1a749a2b895533f979515ac7e6e0f5b650
- name: github.com/docker/go-units
  version: 0dadbb0345b35ec7ef35e228dabb8de89a65bf52
- name: github.com/go-openapi/analysis
  version: 8ed83f2ea9f00f945516462951a288eaa68bf0d6
- name: github.com/go-openapi/errors
  version: 03cfca65330da08a5a440053faf994a3c682b5bf
- name: github.com/go-openapi/jsonpointer
  version: 779f45308c19820f1a69e9a4cd965f496e0da10f
- name: github.com/go-openapi/jsonreference
  version: 36d33bfe519efae5632669801b180bf1a245da3b
- name: github.com/go-openapi/loads
  version: a80dea3052f00e5f032e860dd7355cd0cc67e24d
- name: github.com/go-openapi/runtime
  version: bf2ff8f7150788b1c7256abb0805ba0410cbbabb
  subpackages:
  - flagext
  - middleware
  - middleware/denco
  - middleware/header
  - middleware/untyped
  - security
- name: github.com/go-openapi/spec
  version: 48c2a7185575f9103a5a3863eff950bb776899d2
- name: github.com/go-openapi/strfmt
  version: 610b6cacdcde6852f4de68998bd20ce1dac85b22
- name: github.com/go-openapi/swag
  version: f3f9494671f93fcff853e3c6e9e948b3eb71e590
- name: github.com/go-openapi/validate
  version: dc8a684882cf70c9a529887104340f44e0e138e5
- name: github.com/google/uuid
  version: 064e2069ce9c359c118179501254f67d7d37ba24
- name: github.com/jessevdk/go-flags
  version: 96dc06278ce32a0e9d957d590bb987c81ee66407
- name: github.com/mailru/easyjson
  version: 2a92e673c9a6302dd05c3a691ae1f24aef46457d
  subpackages:
  - buffer
  - jlexer
  - jwriter
- name: github.com/mitchellh/mapstructure
  version: d0303fe809921458f417bcf828397a65db30a7e4
- name: github.com/PuerkitoBio/purell
  version: fd18e053af8a4ff11039269006e8037ff374ce0e
- name: github.com/PuerkitoBio/urlesc
  version: de5bf2ad457846296e2031421a34e2568e304e35
- name: github.com/tylerb/graceful
  version: 4654dfbb6ad53cb5e27f37d99b02e16c1872fbbb
- name: golang.org/x/net
  version: a04bdaca5b32abe1c069418fb7088ae607de5bd0
  subpackages:
  - context
  - html
  - html/atom
  - html/charset
  - idna
- name: golang.org/x/text
  version: 825fc78a2fd6fa0a5447e300189e3219e05e1f25
  subpackages:
  - encoding
  - encoding/charmap
  - encoding/htmlindex
  - encoding/internal
  - encoding/internal/identifier
  - encoding/japanese
  - encoding/korean
  - encoding/simplifiedchinese
  - encoding/traditionalchinese
  - encoding/unicode
  - internal/tag
  - internal/utf8internal
  - language
  - runes
  - secure/bidirule
  - transform
  - unicode/bidi
  - unicode/norm
  - width
- name: gopkg.in/mgo.v2
  version: 3f83fa5005286a7fe593b055f0d7771a7dce4655
  subpackages:
  - bson
  - internal/json
- name: gopkg.in/yaml.v2
  version: eb3733d160e74a9c7e442f435eb3bea458e1d19f
testImports:
- name: github.com/onsi/ginkgo
  version: 9eda700730cba42af70d53180f9dcce9266bc2bc
  subpackages:
  - config
  - internal/codelocation
  - internal/containernode
  - internal/failer
  - internal/leafnodes
  - internal/remote
  - internal/spec
  - internal/spec_iterator
  - internal/specrunner
  - internal/suite
  - internal/testingtproxy
  - internal/writer
  - reporters
  - reporters/stenographer
  - reporters/stenographer/support/go-colorable
  - reporters/stenographer/support/go-isatty
  - types
- name: github.com/onsi/gomega
  version: c893efa28eb45626cdaa76c9f653b62488858837
  subpackages:
  - format
  - internal/assertion
  - internal/asyncassertion
  - internal/oraclematcher
  - internal/testingtsupport
  - matchers
  - matchers/support/goraph/bipartitegraph
  - matchers/support/goraph/edge
  - matchers/support/goraph/node
  - matchers/support/goraph/util
  - types
- name: golang.org/x/sys
  version: ebfc5b4631820b793c9010c87fd8fef0f39eb082
  subpackages:
  - unix
